
Microsoft Visual Studio Solution File, Format Version 12.00
# Visual Studio Version 17
VisualStudioVersion = 17.0.31903.59
MinimumVisualStudioVersion = 10.0.40219.1
Project("{FAE04EC0-301F-11D3-BF4B-00C04F79EFBC}") = "fagdag.console", "fagdag.console\fagdag.console.csproj", "{E30257F7-E6BA-4793-8DFD-A73C81D4E29B}"
EndProject
Project("{FAE04EC0-301F-11D3-BF4B-00C04F79EFBC}") = "fagdag.utils", "fagdag.utils\fagdag.utils.csproj", "{820935BA-13E3-4215-BF28-59BAD51203BD}"
EndProject
Project("{FAE04EC0-301F-11D3-BF4B-00C04F79EFBC}") = "fagdag.web", "fagdag.web\fagdag.web.csproj", "{66A158EE-2316-443E-A748-E95F481AD742}"
EndProject
Global
	GlobalSection(SolutionConfigurationPlatforms) = preSolution
		Debug|Any CPU = Debug|Any CPU
		Release|Any CPU = Release|Any CPU
	EndGlobalSection
	GlobalSection(SolutionProperties) = preSolution
		HideSolutionNode = FALSE
	EndGlobalSection
	GlobalSection(ProjectConfigurationPlatforms) = postSolution
		{E30257F7-E6BA-4793-8DFD-A73C81D4E29B}.Debug|Any CPU.ActiveCfg = Debug|Any CPU
		{E30257F7-E6BA-4793-8DFD-A73C81D4E29B}.Debug|Any CPU.Build.0 = Debug|Any CPU
		{E30257F7-E6BA-4793-8DFD-A73C81D4E29B}.Release|Any CPU.ActiveCfg = Release|Any CPU
		{E30257F7-E6BA-4793-8DFD-A73C81D4E29B}.Release|Any CPU.Build.0 = Release|Any CPU
		{820935BA-13E3-4215-BF28-59BAD51203BD}.Debug|Any CPU.ActiveCfg = Debug|Any CPU
		{820935BA-13E3-4215-BF28-59BAD51203BD}.Debug|Any CPU.Build.0 = Debug|Any CPU
		{820935BA-13E3-4215-BF28-59BAD51203BD}.Release|Any CPU.ActiveCfg = Release|Any CPU
		{820935BA-13E3-4215-BF28-59BAD51203BD}.Release|Any CPU.Build.0 = Release|Any CPU
		{66A158EE-2316-443E-A748-E95F481AD742}.Debug|Any CPU.ActiveCfg = Debug|Any CPU
		{66A158EE-2316-443E-A748-E95F481AD742}.Debug|Any CPU.Build.0 = Debug|Any CPU
		{66A158EE-2316-443E-A748-E95F481AD742}.Release|Any CPU.ActiveCfg = Release|Any CPU
		{66A158EE-2316-443E-A748-E95F481AD742}.Release|Any CPU.Build.0 = Release|Any CPU
	EndGlobalSection
EndGlobal
